{
  "version": 4,
  "terraform_version": "1.2.3",
  "serial": 465,
  "lineage": "047480c8-ee02-69e5-3d5e-6e2e878fc2aa",
  "outputs": {
    "eks_cluster_certificate_authority": {
      "value": [
        {
          "data": "LS0tLS1CRUdJTiBDRVJUSUZJQ0FURS0tLS0tCk1JSUMvakNDQWVhZ0F3SUJBZ0lCQURBTkJna3Foa2lHOXcwQkFRc0ZBREFWTVJNd0VRWURWUVFERXdwcmRXSmwKY201bGRHVnpNQjRYRFRJeU1EZ3hPREExTURjMU9Wb1hEVE15TURneE5UQTFNRGMxT1Zvd0ZURVRNQkVHQTFVRQpBeE1LYTNWaVpYSnVaWFJsY3pDQ0FTSXdEUVlKS29aSWh2Y05BUUVCQlFBRGdnRVBBRENDQVFvQ2dnRUJBTFFKCjNVQlZyUTg4cjZkSy9SVzlua1ZLT3BZL3JET3B4NkdFRmN6b2dXc1lCNGlqbk5pK05reDU1S3J0MTFla3hrNUkKZDN6KzB3MVo3d00rQlpTcVNESEhjUU5aN0JnaTcyc29DTk5vMmU0SjRrS2xiU0tVRGVOZEM4NC9rZjNEa2pBZgpwUzR4Y2lkUTFYOWJRMTdXT3V3Ukt2M2tEcGt0KzdkZ3ppU0Q4enVWRXJoUVFZZ1JRaWtSSmpSZ0k2WDJyanZDCjFvWndBU2NValFhbGdKVy9Ia2MrR0VEYUJTZ2JVN04ydE54ZjIxZGI2R3dYaVdWWnVRNkdWTDhYWkJReFkwc00KUzllQlhvS0dQalVrc2RtS3RYczlPRkJ0ZCs5eC93QzFNcjI2S2NKT003eGUvaGhWQ0lxeW9oVWNYNjdNekdVRgpGODhRVGNMRmVhVkMxRER1cU5jQ0F3RUFBYU5aTUZjd0RnWURWUjBQQVFIL0JBUURBZ0trTUE4R0ExVWRFd0VCCi93UUZNQU1CQWY4d0hRWURWUjBPQkJZRUZBdG1FU2tBMHFDLzYyODNjTE1mZlFaU0hsdERNQlVHQTFVZEVRUU8KTUF5Q0NtdDFZbVZ5Ym1WMFpYTXdEUVlKS29aSWh2Y05BUUVMQlFBRGdnRUJBSVpjVUJUMzczMGNVNEs1dFVJYQpPMUdRS1F3MDhPSEJkNEo0TklHa25GK0ozcE9qbkoydlQwSmlCWVRmVWllYWN4QW5acDg0cUVzUHFnc3BhN3p4CmZVT2FzWTZ0VXRORm9mcko1RlYvZk02ejlvdkxxN0VqQjRMb3RSMVd1aWVaaVhvL3NqdHNNdDBjd3dqQllMcFoKSUxURTV6ODhvZkw5Q2UzeG5rT1RQOS9VTXYycWtJSU9RWEgvT1NEekNxVXdHa2NOYzJBSktmcmJXQndOSjB2agpmQ211UzF6bTgvOVBoRjRIa1hmOE1xMGFIVjlFNW8vakRsQWpFVDJuQ0hrdUZCY3BSdHNsWDdTTHVJYjl1YnJpCmNkbHdLRXV6MmtaaHBXaHZnSThSNW9Nc3Z3Vmdsd21aaVR5OEhHTDh0YTBIQVhnYXhjdENXempjQ1ZQUUZjT2kKRzRjPQotLS0tLUVORCBDRVJUSUZJQ0FURS0tLS0tCg=="
        }
      ],
      "type": [
        "list",
        [
          "object",
          {
            "data": "string"
          }
        ]
      ]
    },
    "eks_cluster_endpoint": {
      "value": "https://43DC8DF9C51133204219980A5A56FE27.gr7.ap-south-1.eks.amazonaws.com",
      "type": "string"
    },
    "my_ip_addr": {
      "value": "49.37.199.174",
      "type": "string"
    }
  },
  "resources": [
    {
      "mode": "data",
      "type": "aws_availability_zones",
      "name": "available",
      "provider": "provider[\"registry.terraform.io/hashicorp/aws\"]",
      "instances": [
        {
          "schema_version": 0,
          "attributes": {
            "all_availability_zones": null,
            "exclude_names": null,
            "exclude_zone_ids": null,
            "filter": null,
            "group_names": [
              "ap-south-1"
            ],
            "id": "ap-south-1",
            "names": [
              "ap-south-1a",
              "ap-south-1b",
              "ap-south-1c"
            ],
            "state": null,
            "timeouts": null,
            "zone_ids": [
              "aps1-az1",
              "aps1-az3",
              "aps1-az2"
            ]
          },
          "sensitive_attributes": []
        }
      ]
    },
    {
      "mode": "data",
      "type": "http",
      "name": "my_public_ip",
      "provider": "provider[\"registry.terraform.io/hashicorp/http\"]",
      "instances": [
        {
          "schema_version": 0,
          "attributes": {
            "body": "49.37.199.174",
            "id": "https://ifconfig.me",
            "request_headers": null,
            "response_body": "49.37.199.174",
            "response_headers": {
              "Access-Control-Allow-Origin": "*",
              "Alt-Svc": "h3=\":443\"; ma=2592000,h3-29=\":443\"; ma=2592000",
              "Content-Length": "13",
              "Content-Type": "text/plain; charset=utf-8",
              "Date": "Thu, 18 Aug 2022 05:02:56 GMT",
              "Server": "istio-envoy",
              "Strict-Transport-Security": "max-age=2592000; includeSubDomains",
              "Via": "1.1 google",
              "X-Envoy-Upstream-Service-Time": "1"
            },
            "status_code": 200,
            "url": "https://ifconfig.me"
          },
          "sensitive_attributes": []
        }
      ]
    },
    {
      "mode": "managed",
      "type": "aws_eip",
      "name": "aws_nat_eip",
      "provider": "provider[\"registry.terraform.io/hashicorp/aws\"]",
      "instances": [
        {
          "schema_version": 0,
          "attributes": {
            "address": null,
            "allocation_id": "eipalloc-03427460c3f05353c",
            "associate_with_private_ip": null,
            "association_id": "",
            "carrier_ip": "",
            "customer_owned_ip": "",
            "customer_owned_ipv4_pool": "",
            "domain": "vpc",
            "id": "eipalloc-03427460c3f05353c",
            "instance": "",
            "network_border_group": "ap-south-1",
            "network_interface": "",
            "private_dns": null,
            "private_ip": "",
            "public_dns": "ec2-3-6-5-51.ap-south-1.compute.amazonaws.com",
            "public_ip": "3.6.5.51",
            "public_ipv4_pool": "amazon",
            "tags": {
              "Name": "kv-bootcamp-eip"
            },
            "tags_all": {
              "Name": "kv-bootcamp-eip"
            },
            "timeouts": null,
            "vpc": true
          },
          "sensitive_attributes": [],
          "private": "eyJlMmJmYjczMC1lY2FhLTExZTYtOGY4OC0zNDM2M2JjN2M0YzAiOnsiZGVsZXRlIjoxODAwMDAwMDAwMDAsInJlYWQiOjkwMDAwMDAwMDAwMCwidXBkYXRlIjozMDAwMDAwMDAwMDB9fQ=="
        }
      ]
    },
    {
      "mode": "managed",
      "type": "aws_eks_cluster",
      "name": "aws_eks",
      "provider": "provider[\"registry.terraform.io/hashicorp/aws\"]",
      "instances": [
        {
          "schema_version": 0,
          "attributes": {
            "arn": "arn:aws:eks:ap-south-1:489455091964:cluster/kv-bootcamp-eks_cluster",
            "certificate_authority": [
              {
                "data": "LS0tLS1CRUdJTiBDRVJUSUZJQ0FURS0tLS0tCk1JSUMvakNDQWVhZ0F3SUJBZ0lCQURBTkJna3Foa2lHOXcwQkFRc0ZBREFWTVJNd0VRWURWUVFERXdwcmRXSmwKY201bGRHVnpNQjRYRFRJeU1EZ3hPREExTURjMU9Wb1hEVE15TURneE5UQTFNRGMxT1Zvd0ZURVRNQkVHQTFVRQpBeE1LYTNWaVpYSnVaWFJsY3pDQ0FTSXdEUVlKS29aSWh2Y05BUUVCQlFBRGdnRVBBRENDQVFvQ2dnRUJBTFFKCjNVQlZyUTg4cjZkSy9SVzlua1ZLT3BZL3JET3B4NkdFRmN6b2dXc1lCNGlqbk5pK05reDU1S3J0MTFla3hrNUkKZDN6KzB3MVo3d00rQlpTcVNESEhjUU5aN0JnaTcyc29DTk5vMmU0SjRrS2xiU0tVRGVOZEM4NC9rZjNEa2pBZgpwUzR4Y2lkUTFYOWJRMTdXT3V3Ukt2M2tEcGt0KzdkZ3ppU0Q4enVWRXJoUVFZZ1JRaWtSSmpSZ0k2WDJyanZDCjFvWndBU2NValFhbGdKVy9Ia2MrR0VEYUJTZ2JVN04ydE54ZjIxZGI2R3dYaVdWWnVRNkdWTDhYWkJReFkwc00KUzllQlhvS0dQalVrc2RtS3RYczlPRkJ0ZCs5eC93QzFNcjI2S2NKT003eGUvaGhWQ0lxeW9oVWNYNjdNekdVRgpGODhRVGNMRmVhVkMxRER1cU5jQ0F3RUFBYU5aTUZjd0RnWURWUjBQQVFIL0JBUURBZ0trTUE4R0ExVWRFd0VCCi93UUZNQU1CQWY4d0hRWURWUjBPQkJZRUZBdG1FU2tBMHFDLzYyODNjTE1mZlFaU0hsdERNQlVHQTFVZEVRUU8KTUF5Q0NtdDFZbVZ5Ym1WMFpYTXdEUVlKS29aSWh2Y05BUUVMQlFBRGdnRUJBSVpjVUJUMzczMGNVNEs1dFVJYQpPMUdRS1F3MDhPSEJkNEo0TklHa25GK0ozcE9qbkoydlQwSmlCWVRmVWllYWN4QW5acDg0cUVzUHFnc3BhN3p4CmZVT2FzWTZ0VXRORm9mcko1RlYvZk02ejlvdkxxN0VqQjRMb3RSMVd1aWVaaVhvL3NqdHNNdDBjd3dqQllMcFoKSUxURTV6ODhvZkw5Q2UzeG5rT1RQOS9VTXYycWtJSU9RWEgvT1NEekNxVXdHa2NOYzJBSktmcmJXQndOSjB2agpmQ211UzF6bTgvOVBoRjRIa1hmOE1xMGFIVjlFNW8vakRsQWpFVDJuQ0hrdUZCY3BSdHNsWDdTTHVJYjl1YnJpCmNkbHdLRXV6MmtaaHBXaHZnSThSNW9Nc3Z3Vmdsd21aaVR5OEhHTDh0YTBIQVhnYXhjdENXempjQ1ZQUUZjT2kKRzRjPQotLS0tLUVORCBDRVJUSUZJQ0FURS0tLS0tCg=="
              }
            ],
            "created_at": "2022-08-18 05:03:32.95 +0000 UTC",
            "enabled_cluster_log_types": null,
            "encryption_config": [],
            "endpoint": "https://43DC8DF9C51133204219980A5A56FE27.gr7.ap-south-1.eks.amazonaws.com",
            "id": "kv-bootcamp-eks_cluster",
            "identity": [
              {
                "oidc": [
                  {
                    "issuer": "https://oidc.eks.ap-south-1.amazonaws.com/id/43DC8DF9C51133204219980A5A56FE27"
                  }
                ]
              }
            ],
            "kubernetes_network_config": [
              {
                "ip_family": "ipv4",
                "service_ipv4_cidr": "10.100.0.0/16"
              }
            ],
            "name": "kv-bootcamp-eks_cluster",
            "platform_version": "eks.5",
            "role_arn": "arn:aws:iam::489455091964:role/kv-bootcamp-eks_cluster_iam_role",
            "status": "ACTIVE",
            "tags": {
              "Name": "kv-bootcamp-eks_cluster"
            },
            "tags_all": {
              "Name": "kv-bootcamp-eks_cluster"
            },
            "timeouts": null,
            "version": "1.22",
            "vpc_config": [
              {
                "cluster_security_group_id": "sg-0390a18b712b62d50",
                "endpoint_private_access": false,
                "endpoint_public_access": true,
                "public_access_cidrs": [
                  "0.0.0.0/0"
                ],
                "security_group_ids": null,
                "subnet_ids": [
                  "subnet-0b81abce2548240a0",
                  "subnet-0d9723339c2ad0b11"
                ],
                "vpc_id": "vpc-0b8d9346588290c93"
              }
            ]
          },
          "sensitive_attributes": [],
          "private": "eyJlMmJmYjczMC1lY2FhLTExZTYtOGY4OC0zNDM2M2JjN2M0YzAiOnsiY3JlYXRlIjoxODAwMDAwMDAwMDAwLCJkZWxldGUiOjkwMDAwMDAwMDAwMCwidXBkYXRlIjozNjAwMDAwMDAwMDAwfX0=",
          "dependencies": [
            "aws_iam_role.eks_cluster",
            "aws_subnet.public_subnets",
            "aws_vpc.newvpc",
            "data.aws_availability_zones.available"
          ]
        }
      ]
    },
    {
      "mode": "managed",
      "type": "aws_eks_node_group",
      "name": "node",
      "provider": "provider[\"registry.terraform.io/hashicorp/aws\"]",
      "instances": [
        {
          "schema_version": 0,
          "attributes": {
            "ami_type": "AL2_x86_64",
            "arn": "arn:aws:eks:ap-south-1:489455091964:nodegroup/kv-bootcamp-eks_cluster/kv-bootcamp-node-group/4cc157ae-a85c-34e4-7ba0-d656ab243f4d",
            "capacity_type": "ON_DEMAND",
            "cluster_name": "kv-bootcamp-eks_cluster",
            "disk_size": 20,
            "force_update_version": null,
            "id": "kv-bootcamp-eks_cluster:kv-bootcamp-node-group",
            "instance_types": [
              "t3.medium"
            ],
            "labels": null,
            "launch_template": [],
            "node_group_name": "kv-bootcamp-node-group",
            "node_group_name_prefix": "",
            "node_role_arn": "arn:aws:iam::489455091964:role/kv-bootcamp-eks_node_iam_role",
            "release_version": "1.22.12-20220811",
            "remote_access": [],
            "resources": [
              {
                "autoscaling_groups": [
                  {
                    "name": "eks-kv-bootcamp-node-group-4cc157ae-a85c-34e4-7ba0-d656ab243f4d"
                  }
                ],
                "remote_access_security_group_id": ""
              }
            ],
            "scaling_config": [
              {
                "desired_size": 2,
                "max_size": 5,
                "min_size": 1
              }
            ],
            "status": "ACTIVE",
            "subnet_ids": [
              "subnet-0b81abce2548240a0",
              "subnet-0d9723339c2ad0b11"
            ],
            "tags": null,
            "tags_all": {},
            "taint": [],
            "timeouts": null,
            "update_config": [
              {
                "max_unavailable": 1,
                "max_unavailable_percentage": 0
              }
            ],
            "version": "1.22"
          },
          "sensitive_attributes": [],
          "private": "eyJlMmJmYjczMC1lY2FhLTExZTYtOGY4OC0zNDM2M2JjN2M0YzAiOnsiY3JlYXRlIjozNjAwMDAwMDAwMDAwLCJkZWxldGUiOjM2MDAwMDAwMDAwMDAsInVwZGF0ZSI6MzYwMDAwMDAwMDAwMH19",
          "dependencies": [
            "aws_eks_cluster.aws_eks",
            "aws_iam_role.eks_cluster",
            "aws_iam_role.eks_nodes",
            "aws_iam_role_policy_attachment.AmazonEC2ContainerRegistryReadOnly",
            "aws_iam_role_policy_attachment.AmazonEKSWorkerNodePolicy",
            "aws_iam_role_policy_attachment.AmazonEKS_CNI_Policy",
            "aws_subnet.public_subnets",
            "aws_vpc.newvpc",
            "data.aws_availability_zones.available"
          ]
        }
      ]
    },
    {
      "mode": "managed",
      "type": "aws_iam_role",
      "name": "eks_cluster",
      "provider": "provider[\"registry.terraform.io/hashicorp/aws\"]",
      "instances": [
        {
          "schema_version": 0,
          "attributes": {
            "arn": "arn:aws:iam::489455091964:role/kv-bootcamp-eks_cluster_iam_role",
            "assume_role_policy": "{\"Statement\":[{\"Action\":\"sts:AssumeRole\",\"Effect\":\"Allow\",\"Principal\":{\"Service\":\"eks.amazonaws.com\"}}],\"Version\":\"2012-10-17\"}",
            "create_date": "2022-08-18T05:03:08Z",
            "description": "",
            "force_detach_policies": false,
            "id": "kv-bootcamp-eks_cluster_iam_role",
            "inline_policy": [],
            "managed_policy_arns": [],
            "max_session_duration": 3600,
            "name": "kv-bootcamp-eks_cluster_iam_role",
            "name_prefix": "",
            "path": "/",
            "permissions_boundary": null,
            "tags": null,
            "tags_all": {},
            "unique_id": "AROAXD5OMAD6ITANYTC3K"
          },
          "sensitive_attributes": [],
          "private": "bnVsbA=="
        }
      ]
    },
    {
      "mode": "managed",
      "type": "aws_iam_role",
      "name": "eks_nodes",
      "provider": "provider[\"registry.terraform.io/hashicorp/aws\"]",
      "instances": [
        {
          "schema_version": 0,
          "attributes": {
            "arn": "arn:aws:iam::489455091964:role/kv-bootcamp-eks_node_iam_role",
            "assume_role_policy": "{\"Statement\":[{\"Action\":\"sts:AssumeRole\",\"Effect\":\"Allow\",\"Principal\":{\"Service\":\"ec2.amazonaws.com\"}}],\"Version\":\"2012-10-17\"}",
            "create_date": "2022-08-18T05:03:08Z",
            "description": "",
            "force_detach_policies": false,
            "id": "kv-bootcamp-eks_node_iam_role",
            "inline_policy": [],
            "managed_policy_arns": [],
            "max_session_duration": 3600,
            "name": "kv-bootcamp-eks_node_iam_role",
            "name_prefix": "",
            "path": "/",
            "permissions_boundary": null,
            "tags": null,
            "tags_all": {},
            "unique_id": "AROAXD5OMAD6M7YQMXAGA"
          },
          "sensitive_attributes": [],
          "private": "bnVsbA=="
        }
      ]
    },
    {
      "mode": "managed",
      "type": "aws_iam_role_policy_attachment",
      "name": "AmazonEC2ContainerRegistryReadOnly",
      "provider": "provider[\"registry.terraform.io/hashicorp/aws\"]",
      "instances": [
        {
          "schema_version": 0,
          "attributes": {
            "id": "kv-bootcamp-eks_node_iam_role-20220818050310569300000003",
            "policy_arn": "arn:aws:iam::aws:policy/AmazonEC2ContainerRegistryReadOnly",
            "role": "kv-bootcamp-eks_node_iam_role"
          },
          "sensitive_attributes": [],
          "private": "bnVsbA==",
          "dependencies": [
            "aws_iam_role.eks_nodes"
          ]
        }
      ]
    },
    {
      "mode": "managed",
      "type": "aws_iam_role_policy_attachment",
      "name": "AmazonEKSClusterPolicy",
      "provider": "provider[\"registry.terraform.io/hashicorp/aws\"]",
      "instances": [
        {
          "schema_version": 0,
          "attributes": {
            "id": "kv-bootcamp-eks_cluster_iam_role-20220818050310275700000001",
            "policy_arn": "arn:aws:iam::aws:policy/AmazonEKSClusterPolicy",
            "role": "kv-bootcamp-eks_cluster_iam_role"
          },
          "sensitive_attributes": [],
          "private": "bnVsbA==",
          "dependencies": [
            "aws_iam_role.eks_cluster"
          ]
        }
      ]
    },
    {
      "mode": "managed",
      "type": "aws_iam_role_policy_attachment",
      "name": "AmazonEKSServicePolicy",
      "provider": "provider[\"registry.terraform.io/hashicorp/aws\"]",
      "instances": [
        {
          "schema_version": 0,
          "attributes": {
            "id": "kv-bootcamp-eks_cluster_iam_role-20220818050310279200000002",
            "policy_arn": "arn:aws:iam::aws:policy/AmazonEKSServicePolicy",
            "role": "kv-bootcamp-eks_cluster_iam_role"
          },
          "sensitive_attributes": [],
          "private": "bnVsbA==",
          "dependencies": [
            "aws_iam_role.eks_cluster"
          ]
        }
      ]
    },
    {
      "mode": "managed",
      "type": "aws_iam_role_policy_attachment",
      "name": "AmazonEKSWorkerNodePolicy",
      "provider": "provider[\"registry.terraform.io/hashicorp/aws\"]",
      "instances": [
        {
          "schema_version": 0,
          "attributes": {
            "id": "kv-bootcamp-eks_node_iam_role-20220818050310865600000005",
            "policy_arn": "arn:aws:iam::aws:policy/AmazonEKSWorkerNodePolicy",
            "role": "kv-bootcamp-eks_node_iam_role"
          },
          "sensitive_attributes": [],
          "private": "bnVsbA==",
          "dependencies": [
            "aws_iam_role.eks_nodes"
          ]
        }
      ]
    },
    {
      "mode": "managed",
      "type": "aws_iam_role_policy_attachment",
      "name": "AmazonEKS_CNI_Policy",
      "provider": "provider[\"registry.terraform.io/hashicorp/aws\"]",
      "instances": [
        {
          "schema_version": 0,
          "attributes": {
            "id": "kv-bootcamp-eks_node_iam_role-20220818050310571500000004",
            "policy_arn": "arn:aws:iam::aws:policy/AmazonEKS_CNI_Policy",
            "role": "kv-bootcamp-eks_node_iam_role"
          },
          "sensitive_attributes": [],
          "private": "bnVsbA==",
          "dependencies": [
            "aws_iam_role.eks_nodes"
          ]
        }
      ]
    },
    {
      "mode": "managed",
      "type": "aws_internet_gateway",
      "name": "aws_ig",
      "provider": "provider[\"registry.terraform.io/hashicorp/aws\"]",
      "instances": [
        {
          "schema_version": 0,
          "attributes": {
            "arn": "arn:aws:ec2:ap-south-1:489455091964:internet-gateway/igw-035792424c6bb4351",
            "id": "igw-035792424c6bb4351",
            "owner_id": "489455091964",
            "tags": {
              "Name": "kv-bootcamp-igw"
            },
            "tags_all": {
              "Name": "kv-bootcamp-igw"
            },
            "timeouts": null,
            "vpc_id": "vpc-0b8d9346588290c93"
          },
          "sensitive_attributes": [],
          "private": "eyJlMmJmYjczMC1lY2FhLTExZTYtOGY4OC0zNDM2M2JjN2M0YzAiOnsiY3JlYXRlIjoxMjAwMDAwMDAwMDAwLCJkZWxldGUiOjEyMDAwMDAwMDAwMDAsInVwZGF0ZSI6MTIwMDAwMDAwMDAwMH19",
          "dependencies": [
            "aws_vpc.newvpc"
          ]
        }
      ]
    },
    {
      "mode": "managed",
      "type": "aws_nat_gateway",
      "name": "aws_nat",
      "provider": "provider[\"registry.terraform.io/hashicorp/aws\"]",
      "instances": [
        {
          "schema_version": 0,
          "attributes": {
            "allocation_id": "eipalloc-03427460c3f05353c",
            "connectivity_type": "public",
            "id": "nat-03ed315ae95a32986",
            "network_interface_id": "eni-0db312bbfb364411c",
            "private_ip": "192.168.30.108",
            "public_ip": "3.6.5.51",
            "subnet_id": "subnet-0b81abce2548240a0",
            "tags": {
              "Name": "kv-bootcamp-nat"
            },
            "tags_all": {
              "Name": "kv-bootcamp-nat"
            }
          },
          "sensitive_attributes": [],
          "private": "bnVsbA==",
          "dependencies": [
            "aws_eip.aws_nat_eip",
            "aws_subnet.public_subnets",
            "aws_vpc.newvpc",
            "data.aws_availability_zones.available"
          ]
        }
      ]
    },
    {
      "mode": "managed",
      "type": "aws_route",
      "name": "private_route_entry",
      "provider": "provider[\"registry.terraform.io/hashicorp/aws\"]",
      "instances": [
        {
          "schema_version": 0,
          "attributes": {
            "carrier_gateway_id": "",
            "core_network_arn": "",
            "destination_cidr_block": "0.0.0.0/0",
            "destination_ipv6_cidr_block": "",
            "destination_prefix_list_id": "",
            "egress_only_gateway_id": "",
            "gateway_id": "",
            "id": "r-rtb-0bd8dabc7256b5c091080289494",
            "instance_id": "",
            "instance_owner_id": "",
            "local_gateway_id": "",
            "nat_gateway_id": "nat-03ed315ae95a32986",
            "network_interface_id": "",
            "origin": "CreateRoute",
            "route_table_id": "rtb-0bd8dabc7256b5c09",
            "state": "active",
            "timeouts": null,
            "transit_gateway_id": "",
            "vpc_endpoint_id": "",
            "vpc_peering_connection_id": ""
          },
          "sensitive_attributes": [],
          "private": "eyJlMmJmYjczMC1lY2FhLTExZTYtOGY4OC0zNDM2M2JjN2M0YzAiOnsiY3JlYXRlIjozMDAwMDAwMDAwMDAsImRlbGV0ZSI6MzAwMDAwMDAwMDAwLCJ1cGRhdGUiOjEyMDAwMDAwMDAwMH19",
          "dependencies": [
            "aws_eip.aws_nat_eip",
            "aws_nat_gateway.aws_nat",
            "aws_route_table.private_route_table",
            "aws_subnet.public_subnets",
            "aws_vpc.newvpc",
            "data.aws_availability_zones.available"
          ]
        }
      ]
    },
    {
      "mode": "managed",
      "type": "aws_route",
      "name": "public_route_entry",
      "provider": "provider[\"registry.terraform.io/hashicorp/aws\"]",
      "instances": [
        {
          "schema_version": 0,
          "attributes": {
            "carrier_gateway_id": "",
            "core_network_arn": "",
            "destination_cidr_block": "0.0.0.0/0",
            "destination_ipv6_cidr_block": "",
            "destination_prefix_list_id": "",
            "egress_only_gateway_id": "",
            "gateway_id": "igw-035792424c6bb4351",
            "id": "r-rtb-03ded0d82e1fce50f1080289494",
            "instance_id": "",
            "instance_owner_id": "",
            "local_gateway_id": "",
            "nat_gateway_id": "",
            "network_interface_id": "",
            "origin": "CreateRoute",
            "route_table_id": "rtb-03ded0d82e1fce50f",
            "state": "active",
            "timeouts": null,
            "transit_gateway_id": "",
            "vpc_endpoint_id": "",
            "vpc_peering_connection_id": ""
          },
          "sensitive_attributes": [],
          "private": "eyJlMmJmYjczMC1lY2FhLTExZTYtOGY4OC0zNDM2M2JjN2M0YzAiOnsiY3JlYXRlIjozMDAwMDAwMDAwMDAsImRlbGV0ZSI6MzAwMDAwMDAwMDAwLCJ1cGRhdGUiOjEyMDAwMDAwMDAwMH19",
          "dependencies": [
            "aws_internet_gateway.aws_ig",
            "aws_route_table.public_route_table",
            "aws_vpc.newvpc"
          ]
        }
      ]
    },
    {
      "mode": "managed",
      "type": "aws_route_table",
      "name": "private_route_table",
      "provider": "provider[\"registry.terraform.io/hashicorp/aws\"]",
      "instances": [
        {
          "schema_version": 0,
          "attributes": {
            "arn": "arn:aws:ec2:ap-south-1:489455091964:route-table/rtb-0bd8dabc7256b5c09",
            "id": "rtb-0bd8dabc7256b5c09",
            "owner_id": "489455091964",
            "propagating_vgws": [],
            "route": [],
            "tags": {
              "Name": "kv-bootcamp-private_route"
            },
            "tags_all": {
              "Name": "kv-bootcamp-private_route"
            },
            "timeouts": null,
            "vpc_id": "vpc-0b8d9346588290c93"
          },
          "sensitive_attributes": [],
          "private": "eyJlMmJmYjczMC1lY2FhLTExZTYtOGY4OC0zNDM2M2JjN2M0YzAiOnsiY3JlYXRlIjozMDAwMDAwMDAwMDAsImRlbGV0ZSI6MzAwMDAwMDAwMDAwLCJ1cGRhdGUiOjEyMDAwMDAwMDAwMH19",
          "dependencies": [
            "aws_vpc.newvpc"
          ]
        }
      ]
    },
    {
      "mode": "managed",
      "type": "aws_route_table",
      "name": "public_route_table",
      "provider": "provider[\"registry.terraform.io/hashicorp/aws\"]",
      "instances": [
        {
          "schema_version": 0,
          "attributes": {
            "arn": "arn:aws:ec2:ap-south-1:489455091964:route-table/rtb-03ded0d82e1fce50f",
            "id": "rtb-03ded0d82e1fce50f",
            "owner_id": "489455091964",
            "propagating_vgws": [],
            "route": [],
            "tags": {
              "Name": "kv-bootcamp-public_route"
            },
            "tags_all": {
              "Name": "kv-bootcamp-public_route"
            },
            "timeouts": null,
            "vpc_id": "vpc-0b8d9346588290c93"
          },
          "sensitive_attributes": [],
          "private": "eyJlMmJmYjczMC1lY2FhLTExZTYtOGY4OC0zNDM2M2JjN2M0YzAiOnsiY3JlYXRlIjozMDAwMDAwMDAwMDAsImRlbGV0ZSI6MzAwMDAwMDAwMDAwLCJ1cGRhdGUiOjEyMDAwMDAwMDAwMH19",
          "dependencies": [
            "aws_vpc.newvpc"
          ]
        }
      ]
    },
    {
      "mode": "managed",
      "type": "aws_route_table_association",
      "name": "private_route_association",
      "provider": "provider[\"registry.terraform.io/hashicorp/aws\"]",
      "instances": [
        {
          "index_key": 0,
          "schema_version": 0,
          "attributes": {
            "gateway_id": "",
            "id": "rtbassoc-07b680549a8d5247b",
            "route_table_id": "rtb-0bd8dabc7256b5c09",
            "subnet_id": "subnet-03b3479cc65056d13"
          },
          "sensitive_attributes": [],
          "private": "bnVsbA==",
          "dependencies": [
            "aws_route_table.private_route_table",
            "aws_subnet.private_subnets",
            "aws_vpc.newvpc",
            "data.aws_availability_zones.available"
          ]
        },
        {
          "index_key": 1,
          "schema_version": 0,
          "attributes": {
            "gateway_id": "",
            "id": "rtbassoc-00b6a42a6b56b5519",
            "route_table_id": "rtb-0bd8dabc7256b5c09",
            "subnet_id": "subnet-0b982c72cb81b27eb"
          },
          "sensitive_attributes": [],
          "private": "bnVsbA==",
          "dependencies": [
            "aws_route_table.private_route_table",
            "aws_subnet.private_subnets",
            "aws_vpc.newvpc",
            "data.aws_availability_zones.available"
          ]
        },
        {
          "index_key": 2,
          "schema_version": 0,
          "attributes": {
            "gateway_id": "",
            "id": "rtbassoc-01ea45b4f92c05c39",
            "route_table_id": "rtb-0bd8dabc7256b5c09",
            "subnet_id": "subnet-0ab8cdbde69cb974e"
          },
          "sensitive_attributes": [],
          "private": "bnVsbA==",
          "dependencies": [
            "aws_route_table.private_route_table",
            "aws_subnet.private_subnets",
            "aws_vpc.newvpc",
            "data.aws_availability_zones.available"
          ]
        },
        {
          "index_key": 3,
          "schema_version": 0,
          "attributes": {
            "gateway_id": "",
            "id": "rtbassoc-07b680549a8d5247b",
            "route_table_id": "rtb-0bd8dabc7256b5c09",
            "subnet_id": "subnet-03b3479cc65056d13"
          },
          "sensitive_attributes": [],
          "private": "bnVsbA==",
          "dependencies": [
            "aws_route_table.private_route_table",
            "aws_subnet.private_subnets",
            "aws_vpc.newvpc",
            "data.aws_availability_zones.available"
          ]
        },
        {
          "index_key": 4,
          "schema_version": 0,
          "attributes": {
            "gateway_id": "",
            "id": "rtbassoc-00b6a42a6b56b5519",
            "route_table_id": "rtb-0bd8dabc7256b5c09",
            "subnet_id": "subnet-0b982c72cb81b27eb"
          },
          "sensitive_attributes": [],
          "private": "bnVsbA==",
          "dependencies": [
            "aws_route_table.private_route_table",
            "aws_subnet.private_subnets",
            "aws_vpc.newvpc",
            "data.aws_availability_zones.available"
          ]
        },
        {
          "index_key": 5,
          "schema_version": 0,
          "attributes": {
            "gateway_id": "",
            "id": "rtbassoc-01ea45b4f92c05c39",
            "route_table_id": "rtb-0bd8dabc7256b5c09",
            "subnet_id": "subnet-0ab8cdbde69cb974e"
          },
          "sensitive_attributes": [],
          "private": "bnVsbA==",
          "dependencies": [
            "aws_route_table.private_route_table",
            "aws_subnet.private_subnets",
            "aws_vpc.newvpc",
            "data.aws_availability_zones.available"
          ]
        },
        {
          "index_key": 6,
          "schema_version": 0,
          "attributes": {
            "gateway_id": "",
            "id": "rtbassoc-07b680549a8d5247b",
            "route_table_id": "rtb-0bd8dabc7256b5c09",
            "subnet_id": "subnet-03b3479cc65056d13"
          },
          "sensitive_attributes": [],
          "private": "bnVsbA==",
          "dependencies": [
            "aws_route_table.private_route_table",
            "aws_subnet.private_subnets",
            "aws_vpc.newvpc",
            "data.aws_availability_zones.available"
          ]
        },
        {
          "index_key": 7,
          "schema_version": 0,
          "attributes": {
            "gateway_id": "",
            "id": "rtbassoc-00b6a42a6b56b5519",
            "route_table_id": "rtb-0bd8dabc7256b5c09",
            "subnet_id": "subnet-0b982c72cb81b27eb"
          },
          "sensitive_attributes": [],
          "private": "bnVsbA==",
          "dependencies": [
            "aws_route_table.private_route_table",
            "aws_subnet.private_subnets",
            "aws_vpc.newvpc",
            "data.aws_availability_zones.available"
          ]
        },
        {
          "index_key": 8,
          "schema_version": 0,
          "attributes": {
            "gateway_id": "",
            "id": "rtbassoc-01ea45b4f92c05c39",
            "route_table_id": "rtb-0bd8dabc7256b5c09",
            "subnet_id": "subnet-0ab8cdbde69cb974e"
          },
          "sensitive_attributes": [],
          "private": "bnVsbA==",
          "dependencies": [
            "aws_route_table.private_route_table",
            "aws_subnet.private_subnets",
            "aws_vpc.newvpc",
            "data.aws_availability_zones.available"
          ]
        },
        {
          "index_key": 9,
          "schema_version": 0,
          "attributes": {
            "gateway_id": "",
            "id": "rtbassoc-07b680549a8d5247b",
            "route_table_id": "rtb-0bd8dabc7256b5c09",
            "subnet_id": "subnet-03b3479cc65056d13"
          },
          "sensitive_attributes": [],
          "private": "bnVsbA==",
          "dependencies": [
            "aws_route_table.private_route_table",
            "aws_subnet.private_subnets",
            "aws_vpc.newvpc",
            "data.aws_availability_zones.available"
          ]
        },
        {
          "index_key": 10,
          "schema_version": 0,
          "attributes": {
            "gateway_id": "",
            "id": "rtbassoc-00b6a42a6b56b5519",
            "route_table_id": "rtb-0bd8dabc7256b5c09",
            "subnet_id": "subnet-0b982c72cb81b27eb"
          },
          "sensitive_attributes": [],
          "private": "bnVsbA==",
          "dependencies": [
            "aws_route_table.private_route_table",
            "aws_subnet.private_subnets",
            "aws_vpc.newvpc",
            "data.aws_availability_zones.available"
          ]
        },
        {
          "index_key": 11,
          "schema_version": 0,
          "attributes": {
            "gateway_id": "",
            "id": "rtbassoc-01ea45b4f92c05c39",
            "route_table_id": "rtb-0bd8dabc7256b5c09",
            "subnet_id": "subnet-0ab8cdbde69cb974e"
          },
          "sensitive_attributes": [],
          "private": "bnVsbA==",
          "dependencies": [
            "aws_route_table.private_route_table",
            "aws_subnet.private_subnets",
            "aws_vpc.newvpc",
            "data.aws_availability_zones.available"
          ]
        },
        {
          "index_key": 12,
          "schema_version": 0,
          "attributes": {
            "gateway_id": "",
            "id": "rtbassoc-07b680549a8d5247b",
            "route_table_id": "rtb-0bd8dabc7256b5c09",
            "subnet_id": "subnet-03b3479cc65056d13"
          },
          "sensitive_attributes": [],
          "private": "bnVsbA==",
          "dependencies": [
            "aws_route_table.private_route_table",
            "aws_subnet.private_subnets",
            "aws_vpc.newvpc",
            "data.aws_availability_zones.available"
          ]
        },
        {
          "index_key": 13,
          "schema_version": 0,
          "attributes": {
            "gateway_id": "",
            "id": "rtbassoc-00b6a42a6b56b5519",
            "route_table_id": "rtb-0bd8dabc7256b5c09",
            "subnet_id": "subnet-0b982c72cb81b27eb"
          },
          "sensitive_attributes": [],
          "private": "bnVsbA==",
          "dependencies": [
            "aws_route_table.private_route_table",
            "aws_subnet.private_subnets",
            "aws_vpc.newvpc",
            "data.aws_availability_zones.available"
          ]
        },
        {
          "index_key": 14,
          "schema_version": 0,
          "attributes": {
            "gateway_id": "",
            "id": "rtbassoc-01ea45b4f92c05c39",
            "route_table_id": "rtb-0bd8dabc7256b5c09",
            "subnet_id": "subnet-0ab8cdbde69cb974e"
          },
          "sensitive_attributes": [],
          "private": "bnVsbA==",
          "dependencies": [
            "aws_route_table.private_route_table",
            "aws_subnet.private_subnets",
            "aws_vpc.newvpc",
            "data.aws_availability_zones.available"
          ]
        }
      ]
    },
    {
      "mode": "managed",
      "type": "aws_route_table_association",
      "name": "public_route_association",
      "provider": "provider[\"registry.terraform.io/hashicorp/aws\"]",
      "instances": [
        {
          "index_key": 0,
          "schema_version": 0,
          "attributes": {
            "gateway_id": "",
            "id": "rtbassoc-0b20472f4a6782432",
            "route_table_id": "rtb-03ded0d82e1fce50f",
            "subnet_id": "subnet-0b81abce2548240a0"
          },
          "sensitive_attributes": [],
          "private": "bnVsbA==",
          "dependencies": [
            "aws_route_table.public_route_table",
            "aws_subnet.public_subnets",
            "aws_vpc.newvpc",
            "data.aws_availability_zones.available"
          ]
        },
        {
          "index_key": 1,
          "schema_version": 0,
          "attributes": {
            "gateway_id": "",
            "id": "rtbassoc-0a0bcf5b1b8efb252",
            "route_table_id": "rtb-03ded0d82e1fce50f",
            "subnet_id": "subnet-0d9723339c2ad0b11"
          },
          "sensitive_attributes": [],
          "private": "bnVsbA==",
          "dependencies": [
            "aws_route_table.public_route_table",
            "aws_subnet.public_subnets",
            "aws_vpc.newvpc",
            "data.aws_availability_zones.available"
          ]
        },
        {
          "index_key": 2,
          "schema_version": 0,
          "attributes": {
            "gateway_id": "",
            "id": "rtbassoc-0a8afaedca1525d28",
            "route_table_id": "rtb-03ded0d82e1fce50f",
            "subnet_id": "subnet-098474a4da7f94557"
          },
          "sensitive_attributes": [],
          "private": "bnVsbA==",
          "dependencies": [
            "aws_route_table.public_route_table",
            "aws_subnet.public_subnets",
            "aws_vpc.newvpc",
            "data.aws_availability_zones.available"
          ]
        },
        {
          "index_key": 3,
          "schema_version": 0,
          "attributes": {
            "gateway_id": "",
            "id": "rtbassoc-0b20472f4a6782432",
            "route_table_id": "rtb-03ded0d82e1fce50f",
            "subnet_id": "subnet-0b81abce2548240a0"
          },
          "sensitive_attributes": [],
          "private": "bnVsbA==",
          "dependencies": [
            "aws_route_table.public_route_table",
            "aws_subnet.public_subnets",
            "aws_vpc.newvpc",
            "data.aws_availability_zones.available"
          ]
        },
        {
          "index_key": 4,
          "schema_version": 0,
          "attributes": {
            "gateway_id": "",
            "id": "rtbassoc-0a0bcf5b1b8efb252",
            "route_table_id": "rtb-03ded0d82e1fce50f",
            "subnet_id": "subnet-0d9723339c2ad0b11"
          },
          "sensitive_attributes": [],
          "private": "bnVsbA==",
          "dependencies": [
            "aws_route_table.public_route_table",
            "aws_subnet.public_subnets",
            "aws_vpc.newvpc",
            "data.aws_availability_zones.available"
          ]
        },
        {
          "index_key": 5,
          "schema_version": 0,
          "attributes": {
            "gateway_id": "",
            "id": "rtbassoc-0a8afaedca1525d28",
            "route_table_id": "rtb-03ded0d82e1fce50f",
            "subnet_id": "subnet-098474a4da7f94557"
          },
          "sensitive_attributes": [],
          "private": "bnVsbA==",
          "dependencies": [
            "aws_route_table.public_route_table",
            "aws_subnet.public_subnets",
            "aws_vpc.newvpc",
            "data.aws_availability_zones.available"
          ]
        },
        {
          "index_key": 6,
          "schema_version": 0,
          "attributes": {
            "gateway_id": "",
            "id": "rtbassoc-0b20472f4a6782432",
            "route_table_id": "rtb-03ded0d82e1fce50f",
            "subnet_id": "subnet-0b81abce2548240a0"
          },
          "sensitive_attributes": [],
          "private": "bnVsbA==",
          "dependencies": [
            "aws_route_table.public_route_table",
            "aws_subnet.public_subnets",
            "aws_vpc.newvpc",
            "data.aws_availability_zones.available"
          ]
        },
        {
          "index_key": 7,
          "schema_version": 0,
          "attributes": {
            "gateway_id": "",
            "id": "rtbassoc-0a0bcf5b1b8efb252",
            "route_table_id": "rtb-03ded0d82e1fce50f",
            "subnet_id": "subnet-0d9723339c2ad0b11"
          },
          "sensitive_attributes": [],
          "private": "bnVsbA==",
          "dependencies": [
            "aws_route_table.public_route_table",
            "aws_subnet.public_subnets",
            "aws_vpc.newvpc",
            "data.aws_availability_zones.available"
          ]
        },
        {
          "index_key": 8,
          "schema_version": 0,
          "attributes": {
            "gateway_id": "",
            "id": "rtbassoc-0a8afaedca1525d28",
            "route_table_id": "rtb-03ded0d82e1fce50f",
            "subnet_id": "subnet-098474a4da7f94557"
          },
          "sensitive_attributes": [],
          "private": "bnVsbA==",
          "dependencies": [
            "aws_route_table.public_route_table",
            "aws_subnet.public_subnets",
            "aws_vpc.newvpc",
            "data.aws_availability_zones.available"
          ]
        },
        {
          "index_key": 9,
          "schema_version": 0,
          "attributes": {
            "gateway_id": "",
            "id": "rtbassoc-0b20472f4a6782432",
            "route_table_id": "rtb-03ded0d82e1fce50f",
            "subnet_id": "subnet-0b81abce2548240a0"
          },
          "sensitive_attributes": [],
          "private": "bnVsbA==",
          "dependencies": [
            "aws_route_table.public_route_table",
            "aws_subnet.public_subnets",
            "aws_vpc.newvpc",
            "data.aws_availability_zones.available"
          ]
        },
        {
          "index_key": 10,
          "schema_version": 0,
          "attributes": {
            "gateway_id": "",
            "id": "rtbassoc-0a0bcf5b1b8efb252",
            "route_table_id": "rtb-03ded0d82e1fce50f",
            "subnet_id": "subnet-0d9723339c2ad0b11"
          },
          "sensitive_attributes": [],
          "private": "bnVsbA==",
          "dependencies": [
            "aws_route_table.public_route_table",
            "aws_subnet.public_subnets",
            "aws_vpc.newvpc",
            "data.aws_availability_zones.available"
          ]
        },
        {
          "index_key": 11,
          "schema_version": 0,
          "attributes": {
            "gateway_id": "",
            "id": "rtbassoc-0a8afaedca1525d28",
            "route_table_id": "rtb-03ded0d82e1fce50f",
            "subnet_id": "subnet-098474a4da7f94557"
          },
          "sensitive_attributes": [],
          "private": "bnVsbA==",
          "dependencies": [
            "aws_route_table.public_route_table",
            "aws_subnet.public_subnets",
            "aws_vpc.newvpc",
            "data.aws_availability_zones.available"
          ]
        },
        {
          "index_key": 12,
          "schema_version": 0,
          "attributes": {
            "gateway_id": "",
            "id": "rtbassoc-0b20472f4a6782432",
            "route_table_id": "rtb-03ded0d82e1fce50f",
            "subnet_id": "subnet-0b81abce2548240a0"
          },
          "sensitive_attributes": [],
          "private": "bnVsbA==",
          "dependencies": [
            "aws_route_table.public_route_table",
            "aws_subnet.public_subnets",
            "aws_vpc.newvpc",
            "data.aws_availability_zones.available"
          ]
        },
        {
          "index_key": 13,
          "schema_version": 0,
          "attributes": {
            "gateway_id": "",
            "id": "rtbassoc-0a0bcf5b1b8efb252",
            "route_table_id": "rtb-03ded0d82e1fce50f",
            "subnet_id": "subnet-0d9723339c2ad0b11"
          },
          "sensitive_attributes": [],
          "private": "bnVsbA==",
          "dependencies": [
            "aws_route_table.public_route_table",
            "aws_subnet.public_subnets",
            "aws_vpc.newvpc",
            "data.aws_availability_zones.available"
          ]
        },
        {
          "index_key": 14,
          "schema_version": 0,
          "attributes": {
            "gateway_id": "",
            "id": "rtbassoc-0a8afaedca1525d28",
            "route_table_id": "rtb-03ded0d82e1fce50f",
            "subnet_id": "subnet-098474a4da7f94557"
          },
          "sensitive_attributes": [],
          "private": "bnVsbA==",
          "dependencies": [
            "aws_route_table.public_route_table",
            "aws_subnet.public_subnets",
            "aws_vpc.newvpc",
            "data.aws_availability_zones.available"
          ]
        }
      ]
    },
    {
      "mode": "managed",
      "type": "aws_security_group",
      "name": "traffic_ec2",
      "provider": "provider[\"registry.terraform.io/hashicorp/aws\"]",
      "instances": [
        {
          "schema_version": 1,
          "attributes": {
            "arn": "arn:aws:ec2:ap-south-1:489455091964:security-group/sg-05965b1e51b9bda51",
            "description": "Allow TLS inbound traffic",
            "egress": [
              {
                "cidr_blocks": [
                  "0.0.0.0/0"
                ],
                "description": "",
                "from_port": 0,
                "ipv6_cidr_blocks": [],
                "prefix_list_ids": [],
                "protocol": "-1",
                "security_groups": [],
                "self": false,
                "to_port": 0
              }
            ],
            "id": "sg-05965b1e51b9bda51",
            "ingress": [
              {
                "cidr_blocks": [
                  "49.37.199.174/32"
                ],
                "description": "traffic in",
                "from_port": 22,
                "ipv6_cidr_blocks": [],
                "prefix_list_ids": [],
                "protocol": "tcp",
                "security_groups": [],
                "self": false,
                "to_port": 22
              },
              {
                "cidr_blocks": [
                  "49.37.199.174/32"
                ],
                "description": "traffic in",
                "from_port": 80,
                "ipv6_cidr_blocks": [],
                "prefix_list_ids": [],
                "protocol": "tcp",
                "security_groups": [],
                "self": false,
                "to_port": 80
              }
            ],
            "name": "terraform-20220818050319117000000006",
            "name_prefix": "terraform-",
            "owner_id": "489455091964",
            "revoke_rules_on_delete": false,
            "tags": {
              "Name": "kv-bootcamp-securitygroup"
            },
            "tags_all": {
              "Name": "kv-bootcamp-securitygroup"
            },
            "timeouts": null,
            "vpc_id": "vpc-0b8d9346588290c93"
          },
          "sensitive_attributes": [],
          "private": "eyJlMmJmYjczMC1lY2FhLTExZTYtOGY4OC0zNDM2M2JjN2M0YzAiOnsiY3JlYXRlIjo2MDAwMDAwMDAwMDAsImRlbGV0ZSI6OTAwMDAwMDAwMDAwfSwic2NoZW1hX3ZlcnNpb24iOiIxIn0=",
          "dependencies": [
            "aws_vpc.newvpc",
            "data.http.my_public_ip"
          ]
        }
      ]
    },
    {
      "mode": "managed",
      "type": "aws_subnet",
      "name": "private_subnets",
      "provider": "provider[\"registry.terraform.io/hashicorp/aws\"]",
      "instances": [
        {
          "index_key": 0,
          "schema_version": 1,
          "attributes": {
            "arn": "arn:aws:ec2:ap-south-1:489455091964:subnet/subnet-03b3479cc65056d13",
            "assign_ipv6_address_on_creation": false,
            "availability_zone": "ap-south-1a",
            "availability_zone_id": "aps1-az1",
            "cidr_block": "192.168.20.0/24",
            "customer_owned_ipv4_pool": "",
            "enable_dns64": false,
            "enable_resource_name_dns_a_record_on_launch": false,
            "enable_resource_name_dns_aaaa_record_on_launch": false,
            "id": "subnet-03b3479cc65056d13",
            "ipv6_cidr_block": "",
            "ipv6_cidr_block_association_id": "",
            "ipv6_native": false,
            "map_customer_owned_ip_on_launch": false,
            "map_public_ip_on_launch": false,
            "outpost_arn": "",
            "owner_id": "489455091964",
            "private_dns_hostname_type_on_launch": "ip-name",
            "tags": {
              "Name": "kv-bootcamp-private_subnet-0"
            },
            "tags_all": {
              "Name": "kv-bootcamp-private_subnet-0"
            },
            "timeouts": null,
            "vpc_id": "vpc-0b8d9346588290c93"
          },
          "sensitive_attributes": [],
          "private": "eyJlMmJmYjczMC1lY2FhLTExZTYtOGY4OC0zNDM2M2JjN2M0YzAiOnsiY3JlYXRlIjo2MDAwMDAwMDAwMDAsImRlbGV0ZSI6MTIwMDAwMDAwMDAwMH0sInNjaGVtYV92ZXJzaW9uIjoiMSJ9",
          "dependencies": [
            "aws_vpc.newvpc",
            "data.aws_availability_zones.available"
          ]
        },
        {
          "index_key": 1,
          "schema_version": 1,
          "attributes": {
            "arn": "arn:aws:ec2:ap-south-1:489455091964:subnet/subnet-0b982c72cb81b27eb",
            "assign_ipv6_address_on_creation": false,
            "availability_zone": "ap-south-1b",
            "availability_zone_id": "aps1-az3",
            "cidr_block": "192.168.21.0/24",
            "customer_owned_ipv4_pool": "",
            "enable_dns64": false,
            "enable_resource_name_dns_a_record_on_launch": false,
            "enable_resource_name_dns_aaaa_record_on_launch": false,
            "id": "subnet-0b982c72cb81b27eb",
            "ipv6_cidr_block": "",
            "ipv6_cidr_block_association_id": "",
            "ipv6_native": false,
            "map_customer_owned_ip_on_launch": false,
            "map_public_ip_on_launch": false,
            "outpost_arn": "",
            "owner_id": "489455091964",
            "private_dns_hostname_type_on_launch": "ip-name",
            "tags": {
              "Name": "kv-bootcamp-private_subnet-1"
            },
            "tags_all": {
              "Name": "kv-bootcamp-private_subnet-1"
            },
            "timeouts": null,
            "vpc_id": "vpc-0b8d9346588290c93"
          },
          "sensitive_attributes": [],
          "private": "eyJlMmJmYjczMC1lY2FhLTExZTYtOGY4OC0zNDM2M2JjN2M0YzAiOnsiY3JlYXRlIjo2MDAwMDAwMDAwMDAsImRlbGV0ZSI6MTIwMDAwMDAwMDAwMH0sInNjaGVtYV92ZXJzaW9uIjoiMSJ9",
          "dependencies": [
            "aws_vpc.newvpc",
            "data.aws_availability_zones.available"
          ]
        },
        {
          "index_key": 2,
          "schema_version": 1,
          "attributes": {
            "arn": "arn:aws:ec2:ap-south-1:489455091964:subnet/subnet-0ab8cdbde69cb974e",
            "assign_ipv6_address_on_creation": false,
            "availability_zone": "ap-south-1c",
            "availability_zone_id": "aps1-az2",
            "cidr_block": "192.168.22.0/24",
            "customer_owned_ipv4_pool": "",
            "enable_dns64": false,
            "enable_resource_name_dns_a_record_on_launch": false,
            "enable_resource_name_dns_aaaa_record_on_launch": false,
            "id": "subnet-0ab8cdbde69cb974e",
            "ipv6_cidr_block": "",
            "ipv6_cidr_block_association_id": "",
            "ipv6_native": false,
            "map_customer_owned_ip_on_launch": false,
            "map_public_ip_on_launch": false,
            "outpost_arn": "",
            "owner_id": "489455091964",
            "private_dns_hostname_type_on_launch": "ip-name",
            "tags": {
              "Name": "kv-bootcamp-private_subnet-2"
            },
            "tags_all": {
              "Name": "kv-bootcamp-private_subnet-2"
            },
            "timeouts": null,
            "vpc_id": "vpc-0b8d9346588290c93"
          },
          "sensitive_attributes": [],
          "private": "eyJlMmJmYjczMC1lY2FhLTExZTYtOGY4OC0zNDM2M2JjN2M0YzAiOnsiY3JlYXRlIjo2MDAwMDAwMDAwMDAsImRlbGV0ZSI6MTIwMDAwMDAwMDAwMH0sInNjaGVtYV92ZXJzaW9uIjoiMSJ9",
          "dependencies": [
            "aws_vpc.newvpc",
            "data.aws_availability_zones.available"
          ]
        }
      ]
    },
    {
      "mode": "managed",
      "type": "aws_subnet",
      "name": "public_subnets",
      "provider": "provider[\"registry.terraform.io/hashicorp/aws\"]",
      "instances": [
        {
          "index_key": 0,
          "schema_version": 1,
          "attributes": {
            "arn": "arn:aws:ec2:ap-south-1:489455091964:subnet/subnet-0b81abce2548240a0",
            "assign_ipv6_address_on_creation": false,
            "availability_zone": "ap-south-1a",
            "availability_zone_id": "aps1-az1",
            "cidr_block": "192.168.30.0/24",
            "customer_owned_ipv4_pool": "",
            "enable_dns64": false,
            "enable_resource_name_dns_a_record_on_launch": false,
            "enable_resource_name_dns_aaaa_record_on_launch": false,
            "id": "subnet-0b81abce2548240a0",
            "ipv6_cidr_block": "",
            "ipv6_cidr_block_association_id": "",
            "ipv6_native": false,
            "map_customer_owned_ip_on_launch": false,
            "map_public_ip_on_launch": true,
            "outpost_arn": "",
            "owner_id": "489455091964",
            "private_dns_hostname_type_on_launch": "ip-name",
            "tags": {
              "Name": "kv-bootcamp-public_subnet-0"
            },
            "tags_all": {
              "Name": "kv-bootcamp-public_subnet-0"
            },
            "timeouts": null,
            "vpc_id": "vpc-0b8d9346588290c93"
          },
          "sensitive_attributes": [],
          "private": "eyJlMmJmYjczMC1lY2FhLTExZTYtOGY4OC0zNDM2M2JjN2M0YzAiOnsiY3JlYXRlIjo2MDAwMDAwMDAwMDAsImRlbGV0ZSI6MTIwMDAwMDAwMDAwMH0sInNjaGVtYV92ZXJzaW9uIjoiMSJ9",
          "dependencies": [
            "aws_vpc.newvpc",
            "data.aws_availability_zones.available"
          ]
        },
        {
          "index_key": 1,
          "schema_version": 1,
          "attributes": {
            "arn": "arn:aws:ec2:ap-south-1:489455091964:subnet/subnet-0d9723339c2ad0b11",
            "assign_ipv6_address_on_creation": false,
            "availability_zone": "ap-south-1b",
            "availability_zone_id": "aps1-az3",
            "cidr_block": "192.168.31.0/24",
            "customer_owned_ipv4_pool": "",
            "enable_dns64": false,
            "enable_resource_name_dns_a_record_on_launch": false,
            "enable_resource_name_dns_aaaa_record_on_launch": false,
            "id": "subnet-0d9723339c2ad0b11",
            "ipv6_cidr_block": "",
            "ipv6_cidr_block_association_id": "",
            "ipv6_native": false,
            "map_customer_owned_ip_on_launch": false,
            "map_public_ip_on_launch": true,
            "outpost_arn": "",
            "owner_id": "489455091964",
            "private_dns_hostname_type_on_launch": "ip-name",
            "tags": {
              "Name": "kv-bootcamp-public_subnet-1"
            },
            "tags_all": {
              "Name": "kv-bootcamp-public_subnet-1"
            },
            "timeouts": null,
            "vpc_id": "vpc-0b8d9346588290c93"
          },
          "sensitive_attributes": [],
          "private": "eyJlMmJmYjczMC1lY2FhLTExZTYtOGY4OC0zNDM2M2JjN2M0YzAiOnsiY3JlYXRlIjo2MDAwMDAwMDAwMDAsImRlbGV0ZSI6MTIwMDAwMDAwMDAwMH0sInNjaGVtYV92ZXJzaW9uIjoiMSJ9",
          "dependencies": [
            "aws_vpc.newvpc",
            "data.aws_availability_zones.available"
          ]
        },
        {
          "index_key": 2,
          "schema_version": 1,
          "attributes": {
            "arn": "arn:aws:ec2:ap-south-1:489455091964:subnet/subnet-098474a4da7f94557",
            "assign_ipv6_address_on_creation": false,
            "availability_zone": "ap-south-1c",
            "availability_zone_id": "aps1-az2",
            "cidr_block": "192.168.32.0/24",
            "customer_owned_ipv4_pool": "",
            "enable_dns64": false,
            "enable_resource_name_dns_a_record_on_launch": false,
            "enable_resource_name_dns_aaaa_record_on_launch": false,
            "id": "subnet-098474a4da7f94557",
            "ipv6_cidr_block": "",
            "ipv6_cidr_block_association_id": "",
            "ipv6_native": false,
            "map_customer_owned_ip_on_launch": false,
            "map_public_ip_on_launch": true,
            "outpost_arn": "",
            "owner_id": "489455091964",
            "private_dns_hostname_type_on_launch": "ip-name",
            "tags": {
              "Name": "kv-bootcamp-public_subnet-2"
            },
            "tags_all": {
              "Name": "kv-bootcamp-public_subnet-2"
            },
            "timeouts": null,
            "vpc_id": "vpc-0b8d9346588290c93"
          },
          "sensitive_attributes": [],
          "private": "eyJlMmJmYjczMC1lY2FhLTExZTYtOGY4OC0zNDM2M2JjN2M0YzAiOnsiY3JlYXRlIjo2MDAwMDAwMDAwMDAsImRlbGV0ZSI6MTIwMDAwMDAwMDAwMH0sInNjaGVtYV92ZXJzaW9uIjoiMSJ9",
          "dependencies": [
            "aws_vpc.newvpc",
            "data.aws_availability_zones.available"
          ]
        }
      ]
    },
    {
      "mode": "managed",
      "type": "aws_vpc",
      "name": "newvpc",
      "provider": "provider[\"registry.terraform.io/hashicorp/aws\"]",
      "instances": [
        {
          "schema_version": 1,
          "attributes": {
            "arn": "arn:aws:ec2:ap-south-1:489455091964:vpc/vpc-0b8d9346588290c93",
            "assign_generated_ipv6_cidr_block": false,
            "cidr_block": "192.168.0.0/16",
            "default_network_acl_id": "acl-021f7bd7c3d4ba2e5",
            "default_route_table_id": "rtb-0114fc3bf8b7f656f",
            "default_security_group_id": "sg-0326953d86be4c129",
            "dhcp_options_id": "dopt-07dedd4958503c9db",
            "enable_classiclink": false,
            "enable_classiclink_dns_support": false,
            "enable_dns_hostnames": true,
            "enable_dns_support": true,
            "id": "vpc-0b8d9346588290c93",
            "instance_tenancy": "default",
            "ipv4_ipam_pool_id": null,
            "ipv4_netmask_length": null,
            "ipv6_association_id": "",
            "ipv6_cidr_block": "",
            "ipv6_cidr_block_network_border_group": "",
            "ipv6_ipam_pool_id": "",
            "ipv6_netmask_length": 0,
            "main_route_table_id": "rtb-0114fc3bf8b7f656f",
            "owner_id": "489455091964",
            "tags": {
              "Name": "kv-bootcamp-vpc"
            },
            "tags_all": {
              "Name": "kv-bootcamp-vpc"
            }
          },
          "sensitive_attributes": [],
          "private": "eyJzY2hlbWFfdmVyc2lvbiI6IjEifQ=="
        }
      ]
    }
  ]
}
